
Microsoft Visual Studio Solution File, Format Version 12.00
# Visual Studio Version 17
VisualStudioVersion = 17.7.34009.444
MinimumVisualStudioVersion = 10.0.40219.1
Project("{FAE04EC0-301F-11D3-BF4B-00C04F79EFBC}") = "DataAcquisition", "DataAcquisition\DataAcquisition.csproj", "{5F7AD7D9-93F4-47EC-8D42-CD4B41F8C437}"
EndProject
Global
	GlobalSection(SolutionConfigurationPlatforms) = preSolution
		Debug|Any CPU = Debug|Any CPU
		Release|Any CPU = Release|Any CPU
	EndGlobalSection
	GlobalSection(ProjectConfigurationPlatforms) = postSolution
		{5F7AD7D9-93F4-47EC-8D42-CD4B41F8C437}.Debug|Any CPU.ActiveCfg = Debug|Any CPU
		{5F7AD7D9-93F4-47EC-8D42-CD4B41F8C437}.Debug|Any CPU.Build.0 = Debug|Any CPU
		{5F7AD7D9-93F4-47EC-8D42-CD4B41F8C437}.Release|Any CPU.ActiveCfg = Release|Any CPU
		{5F7AD7D9-93F4-47EC-8D42-CD4B41F8C437}.Release|Any CPU.Build.0 = Release|Any CPU
	EndGlobalSection
	GlobalSection(SolutionProperties) = preSolution
		HideSolutionNode = FALSE
	EndGlobalSection
	GlobalSection(ExtensibilityGlobals) = postSolution
		SolutionGuid = {14C8A633-C4DE-44C1-8FEB-5D9E557D6B71}
	EndGlobalSection
EndGlobal
